# This file is automatically @generated by Cargo.
# It is not intended for manual editing.
version = 3

[[package]]
name = "C-Minus-Compiler"
version = "0.1.0"

[[package]]
name = "c_minus_lexer"
version = "0.1.0"
dependencies = [
 "c_minus_token",
]

[[package]]
name = "c_minus_parser"
version = "0.1.0"
dependencies = [
 "c_minus_token",
]

[[package]]
name = "c_minus_token"
version = "0.1.0"
